
Microsoft Visual Studio Solution File, Format Version 12.00
# Visual Studio 14
VisualStudioVersion = 14.0.24720.0
MinimumVisualStudioVersion = 10.0.40219.1
Project("{FAE04EC0-301F-11D3-BF4B-00C04F79EFBC}") = "DiscountLibrary", "Discount\DiscountLibrary.csproj", "{8BFEB7DF-150A-4A82-86D6-905F85406D3F}"
EndProject
Project("{FAE04EC0-301F-11D3-BF4B-00C04F79EFBC}") = "MovieTicket", "MovieTicket\MovieTicket.csproj", "{CD9316DD-2241-4891-A0DB-E994D27AEA89}"
EndProject
Global
	GlobalSection(SolutionConfigurationPlatforms) = preSolution
		Debug|Any CPU = Debug|Any CPU
		Release|Any CPU = Release|Any CPU
	EndGlobalSection
	GlobalSection(ProjectConfigurationPlatforms) = postSolution
		{8BFEB7DF-150A-4A82-86D6-905F85406D3F}.Debug|Any CPU.ActiveCfg = Debug|Any CPU
		{8BFEB7DF-150A-4A82-86D6-905F85406D3F}.Debug|Any CPU.Build.0 = Debug|Any CPU
		{8BFEB7DF-150A-4A82-86D6-905F85406D3F}.Release|Any CPU.ActiveCfg = Release|Any CPU
		{8BFEB7DF-150A-4A82-86D6-905F85406D3F}.Release|Any CPU.Build.0 = Release|Any CPU
		{CD9316DD-2241-4891-A0DB-E994D27AEA89}.Debug|Any CPU.ActiveCfg = Debug|Any CPU
		{CD9316DD-2241-4891-A0DB-E994D27AEA89}.Debug|Any CPU.Build.0 = Debug|Any CPU
		{CD9316DD-2241-4891-A0DB-E994D27AEA89}.Release|Any CPU.ActiveCfg = Release|Any CPU
		{CD9316DD-2241-4891-A0DB-E994D27AEA89}.Release|Any CPU.Build.0 = Release|Any CPU
	EndGlobalSection
	GlobalSection(SolutionProperties) = preSolution
		HideSolutionNode = FALSE
	EndGlobalSection
EndGlobal
