
Microsoft Visual Studio Solution File, Format Version 12.00
# Visual Studio 14
VisualStudioVersion = 14.0.24720.0
MinimumVisualStudioVersion = 10.0.40219.1
Project("{FAE04EC0-301F-11D3-BF4B-00C04F79EFBC}") = "EmployeeLibrary", "EmployeeLibrary\EmployeeLibrary.csproj", "{61006294-9E65-40FB-B6D4-EB077B3C3111}"
EndProject
Project("{FAE04EC0-301F-11D3-BF4B-00C04F79EFBC}") = "Example01", "Example01\Example01.csproj", "{9B24FF2A-1C56-4B55-8035-0AE1D78F890A}"
EndProject
Project("{FAE04EC0-301F-11D3-BF4B-00C04F79EFBC}") = "BirthdayParty (first version)", "Practice01 - BirthdayParty\BirthdayParty (first version)\BirthdayParty (first version).csproj", "{3785E823-86D5-4007-872B-9CA2DAF71076}"
EndProject
Project("{FAE04EC0-301F-11D3-BF4B-00C04F79EFBC}") = "Practice02 - Build a house", "Practice02 - Build a house\practice02 - build a house\Practice02 - Build a house.csproj", "{3D044D53-B3C7-4C81-AB7E-89C705B3F6F4}"
EndProject
Project("{FAE04EC0-301F-11D3-BF4B-00C04F79EFBC}") = "Example02_StrategPatten", "Example02\Example02_StrategPatten.csproj", "{2A960F84-75E0-47E0-B31D-2E7ED9612E19}"
EndProject
Global
	GlobalSection(SolutionConfigurationPlatforms) = preSolution
		Debug|Any CPU = Debug|Any CPU
		Release|Any CPU = Release|Any CPU
	EndGlobalSection
	GlobalSection(ProjectConfigurationPlatforms) = postSolution
		{61006294-9E65-40FB-B6D4-EB077B3C3111}.Debug|Any CPU.ActiveCfg = Debug|Any CPU
		{61006294-9E65-40FB-B6D4-EB077B3C3111}.Debug|Any CPU.Build.0 = Debug|Any CPU
		{61006294-9E65-40FB-B6D4-EB077B3C3111}.Release|Any CPU.ActiveCfg = Release|Any CPU
		{61006294-9E65-40FB-B6D4-EB077B3C3111}.Release|Any CPU.Build.0 = Release|Any CPU
		{9B24FF2A-1C56-4B55-8035-0AE1D78F890A}.Debug|Any CPU.ActiveCfg = Debug|Any CPU
		{9B24FF2A-1C56-4B55-8035-0AE1D78F890A}.Debug|Any CPU.Build.0 = Debug|Any CPU
		{9B24FF2A-1C56-4B55-8035-0AE1D78F890A}.Release|Any CPU.ActiveCfg = Release|Any CPU
		{9B24FF2A-1C56-4B55-8035-0AE1D78F890A}.Release|Any CPU.Build.0 = Release|Any CPU
		{3785E823-86D5-4007-872B-9CA2DAF71076}.Debug|Any CPU.ActiveCfg = Debug|Any CPU
		{3785E823-86D5-4007-872B-9CA2DAF71076}.Debug|Any CPU.Build.0 = Debug|Any CPU
		{3785E823-86D5-4007-872B-9CA2DAF71076}.Release|Any CPU.ActiveCfg = Release|Any CPU
		{3785E823-86D5-4007-872B-9CA2DAF71076}.Release|Any CPU.Build.0 = Release|Any CPU
		{3D044D53-B3C7-4C81-AB7E-89C705B3F6F4}.Debug|Any CPU.ActiveCfg = Debug|Any CPU
		{3D044D53-B3C7-4C81-AB7E-89C705B3F6F4}.Debug|Any CPU.Build.0 = Debug|Any CPU
		{3D044D53-B3C7-4C81-AB7E-89C705B3F6F4}.Release|Any CPU.ActiveCfg = Release|Any CPU
		{3D044D53-B3C7-4C81-AB7E-89C705B3F6F4}.Release|Any CPU.Build.0 = Release|Any CPU
		{2A960F84-75E0-47E0-B31D-2E7ED9612E19}.Debug|Any CPU.ActiveCfg = Debug|Any CPU
		{2A960F84-75E0-47E0-B31D-2E7ED9612E19}.Debug|Any CPU.Build.0 = Debug|Any CPU
		{2A960F84-75E0-47E0-B31D-2E7ED9612E19}.Release|Any CPU.ActiveCfg = Release|Any CPU
		{2A960F84-75E0-47E0-B31D-2E7ED9612E19}.Release|Any CPU.Build.0 = Release|Any CPU
	EndGlobalSection
	GlobalSection(SolutionProperties) = preSolution
		HideSolutionNode = FALSE
	EndGlobalSection
EndGlobal
